
Microsoft Visual Studio Solution File, Format Version 12.00
# Visual Studio Version 16
VisualStudioVersion = 16.0.31911.196
MinimumVisualStudioVersion = 10.0.40219.1
Project("{FAE04EC0-301F-11D3-BF4B-00C04F79EFBC}") = "t2", "t2.csproj", "{B0C0BF3C-3F1C-4345-8095-792B5E589D41}"
EndProject
Project("{FAE04EC0-301F-11D3-BF4B-00C04F79EFBC}") = "t2.Tests", "..\t2.Tests\t2.Tests.csproj", "{EEA2F746-6227-4008-9402-A9BA097EBF70}"
EndProject
Global
	GlobalSection(SolutionConfigurationPlatforms) = preSolution
		Debug|Any CPU = Debug|Any CPU
		Release|Any CPU = Release|Any CPU
	EndGlobalSection
	GlobalSection(ProjectConfigurationPlatforms) = postSolution
		{B0C0BF3C-3F1C-4345-8095-792B5E589D41}.Debug|Any CPU.ActiveCfg = Debug|Any CPU
		{B0C0BF3C-3F1C-4345-8095-792B5E589D41}.Debug|Any CPU.Build.0 = Debug|Any CPU
		{B0C0BF3C-3F1C-4345-8095-792B5E589D41}.Release|Any CPU.ActiveCfg = Release|Any CPU
		{B0C0BF3C-3F1C-4345-8095-792B5E589D41}.Release|Any CPU.Build.0 = Release|Any CPU
		{EEA2F746-6227-4008-9402-A9BA097EBF70}.Debug|Any CPU.ActiveCfg = Debug|Any CPU
		{EEA2F746-6227-4008-9402-A9BA097EBF70}.Debug|Any CPU.Build.0 = Debug|Any CPU
		{EEA2F746-6227-4008-9402-A9BA097EBF70}.Release|Any CPU.ActiveCfg = Release|Any CPU
		{EEA2F746-6227-4008-9402-A9BA097EBF70}.Release|Any CPU.Build.0 = Release|Any CPU
	EndGlobalSection
	GlobalSection(SolutionProperties) = preSolution
		HideSolutionNode = FALSE
	EndGlobalSection
	GlobalSection(ExtensibilityGlobals) = postSolution
		SolutionGuid = {CFB964F8-E853-42F7-833E-108362BB55FA}
	EndGlobalSection
EndGlobal
